
Microsoft Visual Studio Solution File, Format Version 12.00
# Visual Studio Version 16
VisualStudioVersion = 16.0.29001.49
MinimumVisualStudioVersion = 10.0.40219.1
Project("{8BC9CEB8-8B4A-11D0-8D11-00A0C91BC942}") = "Level5.1_Ex3_Boost-C-Libs_Variant", "Level5.1_Ex3_Boost-C-Libs_Variant.vcxproj", "{B84614F9-AC5B-437D-A01D-96D5D42C16F3}"
EndProject
Global
	GlobalSection(SolutionConfigurationPlatforms) = preSolution
		Debug|x64 = Debug|x64
		Debug|x86 = Debug|x86
		Release|x64 = Release|x64
		Release|x86 = Release|x86
	EndGlobalSection
	GlobalSection(ProjectConfigurationPlatforms) = postSolution
		{B84614F9-AC5B-437D-A01D-96D5D42C16F3}.Debug|x64.ActiveCfg = Debug|x64
		{B84614F9-AC5B-437D-A01D-96D5D42C16F3}.Debug|x64.Build.0 = Debug|x64
		{B84614F9-AC5B-437D-A01D-96D5D42C16F3}.Debug|x86.ActiveCfg = Debug|Win32
		{B84614F9-AC5B-437D-A01D-96D5D42C16F3}.Debug|x86.Build.0 = Debug|Win32
		{B84614F9-AC5B-437D-A01D-96D5D42C16F3}.Release|x64.ActiveCfg = Release|x64
		{B84614F9-AC5B-437D-A01D-96D5D42C16F3}.Release|x64.Build.0 = Release|x64
		{B84614F9-AC5B-437D-A01D-96D5D42C16F3}.Release|x86.ActiveCfg = Release|Win32
		{B84614F9-AC5B-437D-A01D-96D5D42C16F3}.Release|x86.Build.0 = Release|Win32
	EndGlobalSection
	GlobalSection(SolutionProperties) = preSolution
		HideSolutionNode = FALSE
	EndGlobalSection
	GlobalSection(ExtensibilityGlobals) = postSolution
		SolutionGuid = {C8FAC56B-C84D-42A0-9FB7-AC42AD0A17C6}
	EndGlobalSection
EndGlobal
