
Microsoft Visual Studio Solution File, Format Version 12.00
# Visual Studio Version 16
VisualStudioVersion = 16.0.29009.5
MinimumVisualStudioVersion = 10.0.40219.1
Project("{8BC9CEB8-8B4A-11D0-8D11-00A0C91BC942}") = "Level2.5_Ex1_The-Free-Store", "Level2.5_Ex1_The-Free-Store.vcxproj", "{380715C5-1B87-48AA-996A-0130B232DFFA}"
EndProject
Global
	GlobalSection(SolutionConfigurationPlatforms) = preSolution
		Debug|x64 = Debug|x64
		Debug|x86 = Debug|x86
		Release|x64 = Release|x64
		Release|x86 = Release|x86
	EndGlobalSection
	GlobalSection(ProjectConfigurationPlatforms) = postSolution
		{380715C5-1B87-48AA-996A-0130B232DFFA}.Debug|x64.ActiveCfg = Debug|x64
		{380715C5-1B87-48AA-996A-0130B232DFFA}.Debug|x64.Build.0 = Debug|x64
		{380715C5-1B87-48AA-996A-0130B232DFFA}.Debug|x86.ActiveCfg = Debug|Win32
		{380715C5-1B87-48AA-996A-0130B232DFFA}.Debug|x86.Build.0 = Debug|Win32
		{380715C5-1B87-48AA-996A-0130B232DFFA}.Release|x64.ActiveCfg = Release|x64
		{380715C5-1B87-48AA-996A-0130B232DFFA}.Release|x64.Build.0 = Release|x64
		{380715C5-1B87-48AA-996A-0130B232DFFA}.Release|x86.ActiveCfg = Release|Win32
		{380715C5-1B87-48AA-996A-0130B232DFFA}.Release|x86.Build.0 = Release|Win32
	EndGlobalSection
	GlobalSection(SolutionProperties) = preSolution
		HideSolutionNode = FALSE
	EndGlobalSection
	GlobalSection(ExtensibilityGlobals) = postSolution
		SolutionGuid = {5C5B6109-82C7-4EF0-85EF-AA3093058B4A}
	EndGlobalSection
EndGlobal
