
Microsoft Visual Studio Solution File, Format Version 12.00
# Visual Studio Version 16
VisualStudioVersion = 16.0.29009.5
MinimumVisualStudioVersion = 10.0.40219.1
Project("{8BC9CEB8-8B4A-11D0-8D11-00A0C91BC942}") = "Level2.3_Ex5", "Level2.3_Ex5.vcxproj", "{12E304BB-FCC3-4646-9F58-D722F35DD3DF}"
EndProject
Global
	GlobalSection(SolutionConfigurationPlatforms) = preSolution
		Debug|x64 = Debug|x64
		Debug|x86 = Debug|x86
		Release|x64 = Release|x64
		Release|x86 = Release|x86
	EndGlobalSection
	GlobalSection(ProjectConfigurationPlatforms) = postSolution
		{12E304BB-FCC3-4646-9F58-D722F35DD3DF}.Debug|x64.ActiveCfg = Debug|x64
		{12E304BB-FCC3-4646-9F58-D722F35DD3DF}.Debug|x64.Build.0 = Debug|x64
		{12E304BB-FCC3-4646-9F58-D722F35DD3DF}.Debug|x86.ActiveCfg = Debug|Win32
		{12E304BB-FCC3-4646-9F58-D722F35DD3DF}.Debug|x86.Build.0 = Debug|Win32
		{12E304BB-FCC3-4646-9F58-D722F35DD3DF}.Release|x64.ActiveCfg = Release|x64
		{12E304BB-FCC3-4646-9F58-D722F35DD3DF}.Release|x64.Build.0 = Release|x64
		{12E304BB-FCC3-4646-9F58-D722F35DD3DF}.Release|x86.ActiveCfg = Release|Win32
		{12E304BB-FCC3-4646-9F58-D722F35DD3DF}.Release|x86.Build.0 = Release|Win32
	EndGlobalSection
	GlobalSection(SolutionProperties) = preSolution
		HideSolutionNode = FALSE
	EndGlobalSection
	GlobalSection(ExtensibilityGlobals) = postSolution
		SolutionGuid = {9B31C956-0499-4624-87EF-15E4504125BD}
	EndGlobalSection
EndGlobal
