
Microsoft Visual Studio Solution File, Format Version 12.00
# Visual Studio Version 16
VisualStudioVersion = 16.0.29009.5
MinimumVisualStudioVersion = 10.0.40219.1
Project("{8BC9CEB8-8B4A-11D0-8D11-00A0C91BC942}") = "Level2.4_Ex1_add-operators-to-point-class", "Level2.4_Ex1_add-operators-to-point-class.vcxproj", "{68C8F830-5D39-4312-95D2-E25BA7E143AE}"
EndProject
Global
	GlobalSection(SolutionConfigurationPlatforms) = preSolution
		Debug|x64 = Debug|x64
		Debug|x86 = Debug|x86
		Release|x64 = Release|x64
		Release|x86 = Release|x86
	EndGlobalSection
	GlobalSection(ProjectConfigurationPlatforms) = postSolution
		{68C8F830-5D39-4312-95D2-E25BA7E143AE}.Debug|x64.ActiveCfg = Debug|x64
		{68C8F830-5D39-4312-95D2-E25BA7E143AE}.Debug|x64.Build.0 = Debug|x64
		{68C8F830-5D39-4312-95D2-E25BA7E143AE}.Debug|x86.ActiveCfg = Debug|Win32
		{68C8F830-5D39-4312-95D2-E25BA7E143AE}.Debug|x86.Build.0 = Debug|Win32
		{68C8F830-5D39-4312-95D2-E25BA7E143AE}.Release|x64.ActiveCfg = Release|x64
		{68C8F830-5D39-4312-95D2-E25BA7E143AE}.Release|x64.Build.0 = Release|x64
		{68C8F830-5D39-4312-95D2-E25BA7E143AE}.Release|x86.ActiveCfg = Release|Win32
		{68C8F830-5D39-4312-95D2-E25BA7E143AE}.Release|x86.Build.0 = Release|Win32
	EndGlobalSection
	GlobalSection(SolutionProperties) = preSolution
		HideSolutionNode = FALSE
	EndGlobalSection
	GlobalSection(ExtensibilityGlobals) = postSolution
		SolutionGuid = {255ABE43-CE51-4746-BC27-CA8DD8381259}
	EndGlobalSection
EndGlobal
