
Microsoft Visual Studio Solution File, Format Version 12.00
# Visual Studio Version 16
VisualStudioVersion = 16.0.29009.5
MinimumVisualStudioVersion = 10.0.40219.1
Project("{8BC9CEB8-8B4A-11D0-8D11-00A0C91BC942}") = "Level2.6_Ex1_Namespaces-CAD-and-Container-Namespaces", "Level2.6_Ex1_Namespaces-CAD-and-Container-Namespaces.vcxproj", "{67F01432-B0BC-4E01-B64F-C17411DDB5CC}"
EndProject
Global
	GlobalSection(SolutionConfigurationPlatforms) = preSolution
		Debug|x64 = Debug|x64
		Debug|x86 = Debug|x86
		Release|x64 = Release|x64
		Release|x86 = Release|x86
	EndGlobalSection
	GlobalSection(ProjectConfigurationPlatforms) = postSolution
		{67F01432-B0BC-4E01-B64F-C17411DDB5CC}.Debug|x64.ActiveCfg = Debug|x64
		{67F01432-B0BC-4E01-B64F-C17411DDB5CC}.Debug|x64.Build.0 = Debug|x64
		{67F01432-B0BC-4E01-B64F-C17411DDB5CC}.Debug|x86.ActiveCfg = Debug|Win32
		{67F01432-B0BC-4E01-B64F-C17411DDB5CC}.Debug|x86.Build.0 = Debug|Win32
		{67F01432-B0BC-4E01-B64F-C17411DDB5CC}.Release|x64.ActiveCfg = Release|x64
		{67F01432-B0BC-4E01-B64F-C17411DDB5CC}.Release|x64.Build.0 = Release|x64
		{67F01432-B0BC-4E01-B64F-C17411DDB5CC}.Release|x86.ActiveCfg = Release|Win32
		{67F01432-B0BC-4E01-B64F-C17411DDB5CC}.Release|x86.Build.0 = Release|Win32
	EndGlobalSection
	GlobalSection(SolutionProperties) = preSolution
		HideSolutionNode = FALSE
	EndGlobalSection
	GlobalSection(ExtensibilityGlobals) = postSolution
		SolutionGuid = {5183918D-0ACE-4DF5-9616-777D31EBFCDE}
	EndGlobalSection
EndGlobal
