
Microsoft Visual Studio Solution File, Format Version 12.00
# Visual Studio Version 16
VisualStudioVersion = 16.0.29009.5
MinimumVisualStudioVersion = 10.0.40219.1
Project("{8BC9CEB8-8B4A-11D0-8D11-00A0C91BC942}") = "Level2.5_Ex2_Create-Array-of-Pointers", "Level2.5_Ex2_Create-Array-of-Pointers.vcxproj", "{82FB658A-C1B9-412B-81F3-F43F437AAD42}"
EndProject
Global
	GlobalSection(SolutionConfigurationPlatforms) = preSolution
		Debug|x64 = Debug|x64
		Debug|x86 = Debug|x86
		Release|x64 = Release|x64
		Release|x86 = Release|x86
	EndGlobalSection
	GlobalSection(ProjectConfigurationPlatforms) = postSolution
		{82FB658A-C1B9-412B-81F3-F43F437AAD42}.Debug|x64.ActiveCfg = Debug|x64
		{82FB658A-C1B9-412B-81F3-F43F437AAD42}.Debug|x64.Build.0 = Debug|x64
		{82FB658A-C1B9-412B-81F3-F43F437AAD42}.Debug|x86.ActiveCfg = Debug|Win32
		{82FB658A-C1B9-412B-81F3-F43F437AAD42}.Debug|x86.Build.0 = Debug|Win32
		{82FB658A-C1B9-412B-81F3-F43F437AAD42}.Release|x64.ActiveCfg = Release|x64
		{82FB658A-C1B9-412B-81F3-F43F437AAD42}.Release|x64.Build.0 = Release|x64
		{82FB658A-C1B9-412B-81F3-F43F437AAD42}.Release|x86.ActiveCfg = Release|Win32
		{82FB658A-C1B9-412B-81F3-F43F437AAD42}.Release|x86.Build.0 = Release|Win32
	EndGlobalSection
	GlobalSection(SolutionProperties) = preSolution
		HideSolutionNode = FALSE
	EndGlobalSection
	GlobalSection(ExtensibilityGlobals) = postSolution
		SolutionGuid = {0449BF8F-2E79-43DD-B38A-AA630888D1A5}
	EndGlobalSection
EndGlobal
