
Microsoft Visual Studio Solution File, Format Version 12.00
# Visual Studio Version 16
VisualStudioVersion = 16.0.29009.5
MinimumVisualStudioVersion = 10.0.40219.1
Project("{8BC9CEB8-8B4A-11D0-8D11-00A0C91BC942}") = "Level4.2a_Ex1_Templates_Templated-Array-Class", "Level4.2a_Ex1_Templates_Templated-Array-Class.vcxproj", "{19200189-0B1F-4E17-9003-8DDF7AD6FADC}"
EndProject
Global
	GlobalSection(SolutionConfigurationPlatforms) = preSolution
		Debug|x64 = Debug|x64
		Debug|x86 = Debug|x86
		Release|x64 = Release|x64
		Release|x86 = Release|x86
	EndGlobalSection
	GlobalSection(ProjectConfigurationPlatforms) = postSolution
		{19200189-0B1F-4E17-9003-8DDF7AD6FADC}.Debug|x64.ActiveCfg = Debug|x64
		{19200189-0B1F-4E17-9003-8DDF7AD6FADC}.Debug|x64.Build.0 = Debug|x64
		{19200189-0B1F-4E17-9003-8DDF7AD6FADC}.Debug|x86.ActiveCfg = Debug|Win32
		{19200189-0B1F-4E17-9003-8DDF7AD6FADC}.Debug|x86.Build.0 = Debug|Win32
		{19200189-0B1F-4E17-9003-8DDF7AD6FADC}.Release|x64.ActiveCfg = Release|x64
		{19200189-0B1F-4E17-9003-8DDF7AD6FADC}.Release|x64.Build.0 = Release|x64
		{19200189-0B1F-4E17-9003-8DDF7AD6FADC}.Release|x86.ActiveCfg = Release|Win32
		{19200189-0B1F-4E17-9003-8DDF7AD6FADC}.Release|x86.Build.0 = Release|Win32
	EndGlobalSection
	GlobalSection(SolutionProperties) = preSolution
		HideSolutionNode = FALSE
	EndGlobalSection
	GlobalSection(ExtensibilityGlobals) = postSolution
		SolutionGuid = {9C156497-4A79-4F87-A9D9-1955BB6965B9}
	EndGlobalSection
EndGlobal
